
Microsoft Visual Studio Solution File, Format Version 12.00
# Visual Studio Version 17
VisualStudioVersion = 17.0.32014.148
MinimumVisualStudioVersion = 10.0.40219.1
Project("{8BC9CEB8-8B4A-11D0-8D11-00A0C91BC942}") = "Zombie Arena", "Zombie Arena.vcxproj", "{C9A565ED-24F6-435A-9E4F-1107F7662419}"
EndProject
Global
	GlobalSection(SolutionConfigurationPlatforms) = preSolution
		Debug|x64 = Debug|x64
		Debug|x86 = Debug|x86
		Release|x64 = Release|x64
		Release|x86 = Release|x86
	EndGlobalSection
	GlobalSection(ProjectConfigurationPlatforms) = postSolution
		{C9A565ED-24F6-435A-9E4F-1107F7662419}.Debug|x64.ActiveCfg = Debug|x64
		{C9A565ED-24F6-435A-9E4F-1107F7662419}.Debug|x64.Build.0 = Debug|x64
		{C9A565ED-24F6-435A-9E4F-1107F7662419}.Debug|x86.ActiveCfg = Debug|Win32
		{C9A565ED-24F6-435A-9E4F-1107F7662419}.Debug|x86.Build.0 = Debug|Win32
		{C9A565ED-24F6-435A-9E4F-1107F7662419}.Release|x64.ActiveCfg = Release|x64
		{C9A565ED-24F6-435A-9E4F-1107F7662419}.Release|x64.Build.0 = Release|x64
		{C9A565ED-24F6-435A-9E4F-1107F7662419}.Release|x86.ActiveCfg = Release|Win32
		{C9A565ED-24F6-435A-9E4F-1107F7662419}.Release|x86.Build.0 = Release|Win32
	EndGlobalSection
	GlobalSection(SolutionProperties) = preSolution
		HideSolutionNode = FALSE
	EndGlobalSection
	GlobalSection(ExtensibilityGlobals) = postSolution
		SolutionGuid = {14E19D19-A9A6-4397-A8B8-F33F6D7672E2}
	EndGlobalSection
EndGlobal
